// !$*UTF8*$!
{
	archiveVersion = 1;
	classes = {
	};
	objectVersion = 55;
	objects = {

/* Begin PBXBuildFile section */
		8E5B176127D5025400F39918 /* MinStack.swift in Sources */ = {isa = PBXBuildFile; fileRef = 8E5B176027D5025400F39918 /* MinStack.swift */; };
		8E5B176427D512D600F39918 /* MaxSlidingWindow.swift in Sources */ = {isa = PBXBuildFile; fileRef = 8E5B176327D512D600F39918 /* MaxSlidingWindow.swift */; };
		8E5B176727DB95ED00F39918 /* MaximumBinaryTree.swift in Sources */ = {isa = PBXBuildFile; fileRef = 8E5B176627DB95ED00F39918 /* MaximumBinaryTree.swift */; };
		8E5B176A27DCB18300F39918 /* DailyTemperature.swift in Sources */ = {isa = PBXBuildFile; fileRef = 8E5B176927DCB18300F39918 /* DailyTemperature.swift */; };
		8E5B176E27DCE34800F39918 /* FlipedString.swift in Sources */ = {isa = PBXBuildFile; fileRef = 8E5B176D27DCE34800F39918 /* FlipedString.swift */; };
		8E5B177127DE24CE00F39918 /* Subtree.swift in Sources */ = {isa = PBXBuildFile; fileRef = 8E5B177027DE24CE00F39918 /* Subtree.swift */; };
		8E5B177427DE29B900F39918 /* Anagram.swift in Sources */ = {isa = PBXBuildFile; fileRef = 8E5B177327DE29B900F39918 /* Anagram.swift */; };
		8E5B177727DE36E700F39918 /* ReverseWords.swift in Sources */ = {isa = PBXBuildFile; fileRef = 8E5B177627DE36E700F39918 /* ReverseWords.swift */; };
		8E5B177A27E312B800F39918 /* LongestSubstring.swift in Sources */ = {isa = PBXBuildFile; fileRef = 8E5B177927E312B800F39918 /* LongestSubstring.swift */; };
		8E5B177E27E398AB00F39918 /* CoinChange.swift in Sources */ = {isa = PBXBuildFile; fileRef = 8E5B177D27E398AB00F39918 /* CoinChange.swift */; };
		8E5B178127E5E34F00F39918 /* MaxSubArray.swift in Sources */ = {isa = PBXBuildFile; fileRef = 8E5B178027E5E34F00F39918 /* MaxSubArray.swift */; };
		8E7F48DC27BFF0E3008DA56A /* main.swift in Sources */ = {isa = PBXBuildFile; fileRef = 8E7F48DB27BFF0E3008DA56A /* main.swift */; };
		8E7F48E427BFF10C008DA56A /* SingleNum.swift in Sources */ = {isa = PBXBuildFile; fileRef = 8E7F48E327BFF10C008DA56A /* SingleNum.swift */; };
		8E7F48E727BFF246008DA56A /* MoreNum.swift in Sources */ = {isa = PBXBuildFile; fileRef = 8E7F48E627BFF246008DA56A /* MoreNum.swift */; };
		8E7F48EA27C00295008DA56A /* MatrixNum.swift in Sources */ = {isa = PBXBuildFile; fileRef = 8E7F48E927C00295008DA56A /* MatrixNum.swift */; };
		8E7F48ED27C01068008DA56A /* MergeArray.swift in Sources */ = {isa = PBXBuildFile; fileRef = 8E7F48EC27C01068008DA56A /* MergeArray.swift */; };
		8E7F48F127C0E896008DA56A /* SortColor.swift in Sources */ = {isa = PBXBuildFile; fileRef = 8E7F48F027C0E896008DA56A /* SortColor.swift */; };
		8E7F48F427C14726008DA56A /* PartialSort.swift in Sources */ = {isa = PBXBuildFile; fileRef = 8E7F48F327C14726008DA56A /* PartialSort.swift */; };
		8E7F48F927C28B90008DA56A /* RemoveNode.swift in Sources */ = {isa = PBXBuildFile; fileRef = 8E7F48F827C28B90008DA56A /* RemoveNode.swift */; };
		8E7F48FB27C28D53008DA56A /* ListNode.swift in Sources */ = {isa = PBXBuildFile; fileRef = 8E7F48FA27C28D53008DA56A /* ListNode.swift */; };
		8E7F48FE27C3E0CD008DA56A /* AddNum.swift in Sources */ = {isa = PBXBuildFile; fileRef = 8E7F48FD27C3E0CD008DA56A /* AddNum.swift */; };
		8E7F490127C3ED28008DA56A /* IntersectNode.swift in Sources */ = {isa = PBXBuildFile; fileRef = 8E7F490027C3ED28008DA56A /* IntersectNode.swift */; };
		8E7F490427C5180F008DA56A /* SplitNode.swift in Sources */ = {isa = PBXBuildFile; fileRef = 8E7F490327C5180F008DA56A /* SplitNode.swift */; };
		8E7F490727C51DE7008DA56A /* PalindromeNode.swift in Sources */ = {isa = PBXBuildFile; fileRef = 8E7F490627C51DE7008DA56A /* PalindromeNode.swift */; };
/* End PBXBuildFile section */

/* Begin PBXCopyFilesBuildPhase section */
		8E7F48D627BFF0E3008DA56A /* CopyFiles */ = {
			isa = PBXCopyFilesBuildPhase;
			buildActionMask = 2147483647;
			dstPath = /usr/share/man/man1/;
			dstSubfolderSpec = 0;
			files = (
			);
			runOnlyForDeploymentPostprocessing = 1;
		};
/* End PBXCopyFilesBuildPhase section */

/* Begin PBXFileReference section */
		8E5B176027D5025400F39918 /* MinStack.swift */ = {isa = PBXFileReference; lastKnownFileType = sourcecode.swift; path = MinStack.swift; sourceTree = "<group>"; };
		8E5B176327D512D600F39918 /* MaxSlidingWindow.swift */ = {isa = PBXFileReference; lastKnownFileType = sourcecode.swift; path = MaxSlidingWindow.swift; sourceTree = "<group>"; };
		8E5B176627DB95ED00F39918 /* MaximumBinaryTree.swift */ = {isa = PBXFileReference; lastKnownFileType = sourcecode.swift; path = MaximumBinaryTree.swift; sourceTree = "<group>"; };
		8E5B176927DCB18300F39918 /* DailyTemperature.swift */ = {isa = PBXFileReference; lastKnownFileType = sourcecode.swift; path = DailyTemperature.swift; sourceTree = "<group>"; };
		8E5B176D27DCE34800F39918 /* FlipedString.swift */ = {isa = PBXFileReference; lastKnownFileType = sourcecode.swift; path = FlipedString.swift; sourceTree = "<group>"; };
		8E5B177027DE24CE00F39918 /* Subtree.swift */ = {isa = PBXFileReference; lastKnownFileType = sourcecode.swift; path = Subtree.swift; sourceTree = "<group>"; };
		8E5B177327DE29B900F39918 /* Anagram.swift */ = {isa = PBXFileReference; lastKnownFileType = sourcecode.swift; path = Anagram.swift; sourceTree = "<group>"; };
		8E5B177627DE36E700F39918 /* ReverseWords.swift */ = {isa = PBXFileReference; lastKnownFileType = sourcecode.swift; path = ReverseWords.swift; sourceTree = "<group>"; };
		8E5B177927E312B800F39918 /* LongestSubstring.swift */ = {isa = PBXFileReference; lastKnownFileType = sourcecode.swift; path = LongestSubstring.swift; sourceTree = "<group>"; };
		8E5B177D27E398AB00F39918 /* CoinChange.swift */ = {isa = PBXFileReference; lastKnownFileType = sourcecode.swift; path = CoinChange.swift; sourceTree = "<group>"; };
		8E5B178027E5E34F00F39918 /* MaxSubArray.swift */ = {isa = PBXFileReference; lastKnownFileType = sourcecode.swift; path = MaxSubArray.swift; sourceTree = "<group>"; };
		8E7F48D827BFF0E3008DA56A /* LeeCode */ = {isa = PBXFileReference; explicitFileType = "compiled.mach-o.executable"; includeInIndex = 0; path = LeeCode; sourceTree = BUILT_PRODUCTS_DIR; };
		8E7F48DB27BFF0E3008DA56A /* main.swift */ = {isa = PBXFileReference; lastKnownFileType = sourcecode.swift; path = main.swift; sourceTree = "<group>"; };
		8E7F48E327BFF10C008DA56A /* SingleNum.swift */ = {isa = PBXFileReference; lastKnownFileType = sourcecode.swift; path = SingleNum.swift; sourceTree = "<group>"; };
		8E7F48E627BFF246008DA56A /* MoreNum.swift */ = {isa = PBXFileReference; lastKnownFileType = sourcecode.swift; path = MoreNum.swift; sourceTree = "<group>"; };
		8E7F48E927C00295008DA56A /* MatrixNum.swift */ = {isa = PBXFileReference; lastKnownFileType = sourcecode.swift; path = MatrixNum.swift; sourceTree = "<group>"; };
		8E7F48EC27C01068008DA56A /* MergeArray.swift */ = {isa = PBXFileReference; lastKnownFileType = sourcecode.swift; path = MergeArray.swift; sourceTree = "<group>"; };
		8E7F48F027C0E896008DA56A /* SortColor.swift */ = {isa = PBXFileReference; lastKnownFileType = sourcecode.swift; path = SortColor.swift; sourceTree = "<group>"; };
		8E7F48F327C14726008DA56A /* PartialSort.swift */ = {isa = PBXFileReference; lastKnownFileType = sourcecode.swift; path = PartialSort.swift; sourceTree = "<group>"; };
		8E7F48F827C28B90008DA56A /* RemoveNode.swift */ = {isa = PBXFileReference; lastKnownFileType = sourcecode.swift; path = RemoveNode.swift; sourceTree = "<group>"; };
		8E7F48FA27C28D53008DA56A /* ListNode.swift */ = {isa = PBXFileReference; lastKnownFileType = sourcecode.swift; path = ListNode.swift; sourceTree = "<group>"; };
		8E7F48FD27C3E0CD008DA56A /* AddNum.swift */ = {isa = PBXFileReference; lastKnownFileType = sourcecode.swift; path = AddNum.swift; sourceTree = "<group>"; };
		8E7F490027C3ED28008DA56A /* IntersectNode.swift */ = {isa = PBXFileReference; lastKnownFileType = sourcecode.swift; path = IntersectNode.swift; sourceTree = "<group>"; };
		8E7F490327C5180F008DA56A /* SplitNode.swift */ = {isa = PBXFileReference; lastKnownFileType = sourcecode.swift; path = SplitNode.swift; sourceTree = "<group>"; };
		8E7F490627C51DE7008DA56A /* PalindromeNode.swift */ = {isa = PBXFileReference; lastKnownFileType = sourcecode.swift; path = PalindromeNode.swift; sourceTree = "<group>"; };
/* End PBXFileReference section */

/* Begin PBXFrameworksBuildPhase section */
		8E7F48D527BFF0E3008DA56A /* Frameworks */ = {
			isa = PBXFrameworksBuildPhase;
			buildActionMask = 2147483647;
			files = (
			);
			runOnlyForDeploymentPostprocessing = 0;
		};
/* End PBXFrameworksBuildPhase section */

/* Begin PBXGroup section */
		8E5B175E27D5008000F39918 /* 栈 */ = {
			isa = PBXGroup;
			children = (
				8E5B176827DCB12400F39918 /* 每日温度 */,
				8E5B176527DB956C00F39918 /* 最大二叉树 */,
				8E5B176227D512BC00F39918 /* 滑动窗口最大值 */,
				8E5B175F27D5023500F39918 /* 最小栈 */,
			);
			path = "栈";
			sourceTree = "<group>";
		};
		8E5B175F27D5023500F39918 /* 最小栈 */ = {
			isa = PBXGroup;
			children = (
				8E5B176027D5025400F39918 /* MinStack.swift */,
			);
			path = "最小栈";
			sourceTree = "<group>";
		};
		8E5B176227D512BC00F39918 /* 滑动窗口最大值 */ = {
			isa = PBXGroup;
			children = (
				8E5B176327D512D600F39918 /* MaxSlidingWindow.swift */,
			);
			path = "滑动窗口最大值";
			sourceTree = "<group>";
		};
		8E5B176527DB956C00F39918 /* 最大二叉树 */ = {
			isa = PBXGroup;
			children = (
				8E5B176627DB95ED00F39918 /* MaximumBinaryTree.swift */,
			);
			path = "最大二叉树";
			sourceTree = "<group>";
		};
		8E5B176827DCB12400F39918 /* 每日温度 */ = {
			isa = PBXGroup;
			children = (
				8E5B176927DCB18300F39918 /* DailyTemperature.swift */,
			);
			path = "每日温度";
			sourceTree = "<group>";
		};
		8E5B176B27DCE31200F39918 /* 字符串  */ = {
			isa = PBXGroup;
			children = (
				8E5B177827E3126A00F39918 /* 无重复字符的最长子串 */,
				8E5B177527DE368C00F39918 /* 翻转字符串里的单词 */,
				8E5B177227DE29A700F39918 /* 有效的字母异位词 */,
				8E5B176F27DE249A00F39918 /* 另一棵树的子树 */,
				8E5B176C27DCE32000F39918 /* 字符串轮转 */,
			);
			path = "字符串 ";
			sourceTree = "<group>";
		};
		8E5B176C27DCE32000F39918 /* 字符串轮转 */ = {
			isa = PBXGroup;
			children = (
				8E5B176D27DCE34800F39918 /* FlipedString.swift */,
			);
			path = "字符串轮转";
			sourceTree = "<group>";
		};
		8E5B176F27DE249A00F39918 /* 另一棵树的子树 */ = {
			isa = PBXGroup;
			children = (
				8E5B177027DE24CE00F39918 /* Subtree.swift */,
			);
			path = "另一棵树的子树";
			sourceTree = "<group>";
		};
		8E5B177227DE29A700F39918 /* 有效的字母异位词 */ = {
			isa = PBXGroup;
			children = (
				8E5B177327DE29B900F39918 /* Anagram.swift */,
			);
			path = "有效的字母异位词";
			sourceTree = "<group>";
		};
		8E5B177527DE368C00F39918 /* 翻转字符串里的单词 */ = {
			isa = PBXGroup;
			children = (
				8E5B177627DE36E700F39918 /* ReverseWords.swift */,
			);
			path = "翻转字符串里的单词";
			sourceTree = "<group>";
		};
		8E5B177827E3126A00F39918 /* 无重复字符的最长子串 */ = {
			isa = PBXGroup;
			children = (
				8E5B177927E312B800F39918 /* LongestSubstring.swift */,
			);
			path = "无重复字符的最长子串";
			sourceTree = "<group>";
		};
		8E5B177B27E397DD00F39918 /* 动态规划 */ = {
			isa = PBXGroup;
			children = (
				8E5B177F27E5E33A00F39918 /* 最大子数组和 */,
				8E5B177C27E3989400F39918 /* 零钱兑换 */,
			);
			path = "动态规划";
			sourceTree = "<group>";
		};
		8E5B177C27E3989400F39918 /* 零钱兑换 */ = {
			isa = PBXGroup;
			children = (
				8E5B177D27E398AB00F39918 /* CoinChange.swift */,
			);
			path = "零钱兑换";
			sourceTree = "<group>";
		};
		8E5B177F27E5E33A00F39918 /* 最大子数组和 */ = {
			isa = PBXGroup;
			children = (
				8E5B178027E5E34F00F39918 /* MaxSubArray.swift */,
			);
			path = "最大子数组和";
			sourceTree = "<group>";
		};
		8E7F48CF27BFF0E3008DA56A = {
			isa = PBXGroup;
			children = (
				8E5B177B27E397DD00F39918 /* 动态规划 */,
				8E5B176B27DCE31200F39918 /* 字符串  */,
				8E5B175E27D5008000F39918 /* 栈 */,
				8E7F48F627C28A3E008DA56A /* 链表 */,
				8E7F48F527C28A2B008DA56A /* 数组 */,
				8E7F48DA27BFF0E3008DA56A /* LeeCode */,
				8E7F48D927BFF0E3008DA56A /* Products */,
			);
			sourceTree = "<group>";
		};
		8E7F48D927BFF0E3008DA56A /* Products */ = {
			isa = PBXGroup;
			children = (
				8E7F48D827BFF0E3008DA56A /* LeeCode */,
			);
			name = Products;
			sourceTree = "<group>";
		};
		8E7F48DA27BFF0E3008DA56A /* LeeCode */ = {
			isa = PBXGroup;
			children = (
				8E7F48DB27BFF0E3008DA56A /* main.swift */,
			);
			path = LeeCode;
			sourceTree = "<group>";
		};
		8E7F48E227BFF0EF008DA56A /* 只出现一次的数字 */ = {
			isa = PBXGroup;
			children = (
				8E7F48E327BFF10C008DA56A /* SingleNum.swift */,
			);
			path = "只出现一次的数字";
			sourceTree = "<group>";
		};
		8E7F48E527BFF22C008DA56A /* 多数元素 */ = {
			isa = PBXGroup;
			children = (
				8E7F48E627BFF246008DA56A /* MoreNum.swift */,
			);
			path = "多数元素";
			sourceTree = "<group>";
		};
		8E7F48E827C00278008DA56A /* 搜索二维矩阵 II */ = {
			isa = PBXGroup;
			children = (
				8E7F48E927C00295008DA56A /* MatrixNum.swift */,
			);
			path = "搜索二维矩阵 II";
			sourceTree = "<group>";
		};
		8E7F48EB27C01004008DA56A /* 合并两个有序数组 */ = {
			isa = PBXGroup;
			children = (
				8E7F48EC27C01068008DA56A /* MergeArray.swift */,
			);
			path = "合并两个有序数组";
			sourceTree = "<group>";
		};
		8E7F48EF27C0E864008DA56A /* 颜色分类 */ = {
			isa = PBXGroup;
			children = (
				8E7F48F027C0E896008DA56A /* SortColor.swift */,
			);
			path = "颜色分类";
			sourceTree = "<group>";
		};
		8E7F48F227C146D2008DA56A /* 部分排序 */ = {
			isa = PBXGroup;
			children = (
				8E7F48F327C14726008DA56A /* PartialSort.swift */,
			);
			path = "部分排序";
			sourceTree = "<group>";
		};
		8E7F48F527C28A2B008DA56A /* 数组 */ = {
			isa = PBXGroup;
			children = (
				8E7F48F227C146D2008DA56A /* 部分排序 */,
				8E7F48EF27C0E864008DA56A /* 颜色分类 */,
				8E7F48EB27C01004008DA56A /* 合并两个有序数组 */,
				8E7F48E827C00278008DA56A /* 搜索二维矩阵 II */,
				8E7F48E527BFF22C008DA56A /* 多数元素 */,
				8E7F48E227BFF0EF008DA56A /* 只出现一次的数字 */,
			);
			path = "数组";
			sourceTree = "<group>";
		};
		8E7F48F627C28A3E008DA56A /* 链表 */ = {
			isa = PBXGroup;
			children = (
				8E7F48FA27C28D53008DA56A /* ListNode.swift */,
				8E7F490527C51DAF008DA56A /* 回文链表 */,
				8E7F490227C51752008DA56A /* 分割链表 */,
				8E7F48FF27C3ECDB008DA56A /* 相交链表 */,
				8E7F48FC27C3E0AC008DA56A /* 两数相加 */,
				8E7F48F727C28B79008DA56A /* 移除链表元素 */,
			);
			path = "链表";
			sourceTree = "<group>";
		};
		8E7F48F727C28B79008DA56A /* 移除链表元素 */ = {
			isa = PBXGroup;
			children = (
				8E7F48F827C28B90008DA56A /* RemoveNode.swift */,
			);
			path = "移除链表元素";
			sourceTree = "<group>";
		};
		8E7F48FC27C3E0AC008DA56A /* 两数相加 */ = {
			isa = PBXGroup;
			children = (
				8E7F48FD27C3E0CD008DA56A /* AddNum.swift */,
			);
			path = "两数相加";
			sourceTree = "<group>";
		};
		8E7F48FF27C3ECDB008DA56A /* 相交链表 */ = {
			isa = PBXGroup;
			children = (
				8E7F490027C3ED28008DA56A /* IntersectNode.swift */,
			);
			path = "相交链表";
			sourceTree = "<group>";
		};
		8E7F490227C51752008DA56A /* 分割链表 */ = {
			isa = PBXGroup;
			children = (
				8E7F490327C5180F008DA56A /* SplitNode.swift */,
			);
			path = "分割链表";
			sourceTree = "<group>";
		};
		8E7F490527C51DAF008DA56A /* 回文链表 */ = {
			isa = PBXGroup;
			children = (
				8E7F490627C51DE7008DA56A /* PalindromeNode.swift */,
			);
			path = "回文链表";
			sourceTree = "<group>";
		};
/* End PBXGroup section */

/* Begin PBXNativeTarget section */
		8E7F48D727BFF0E3008DA56A /* LeeCode */ = {
			isa = PBXNativeTarget;
			buildConfigurationList = 8E7F48DF27BFF0E3008DA56A /* Build configuration list for PBXNativeTarget "LeeCode" */;
			buildPhases = (
				8E7F48D427BFF0E3008DA56A /* Sources */,
				8E7F48D527BFF0E3008DA56A /* Frameworks */,
				8E7F48D627BFF0E3008DA56A /* CopyFiles */,
			);
			buildRules = (
			);
			dependencies = (
			);
			name = LeeCode;
			productName = LeeCode;
			productReference = 8E7F48D827BFF0E3008DA56A /* LeeCode */;
			productType = "com.apple.product-type.tool";
		};
/* End PBXNativeTarget section */

/* Begin PBXProject section */
		8E7F48D027BFF0E3008DA56A /* Project object */ = {
			isa = PBXProject;
			attributes = {
				BuildIndependentTargetsInParallel = 1;
				LastSwiftUpdateCheck = 1310;
				LastUpgradeCheck = 1310;
				TargetAttributes = {
					8E7F48D727BFF0E3008DA56A = {
						CreatedOnToolsVersion = 13.1;
					};
				};
			};
			buildConfigurationList = 8E7F48D327BFF0E3008DA56A /* Build configuration list for PBXProject "LeeCode" */;
			compatibilityVersion = "Xcode 13.0";
			developmentRegion = en;
			hasScannedForEncodings = 0;
			knownRegions = (
				en,
				Base,
			);
			mainGroup = 8E7F48CF27BFF0E3008DA56A;
			productRefGroup = 8E7F48D927BFF0E3008DA56A /* Products */;
			projectDirPath = "";
			projectRoot = "";
			targets = (
				8E7F48D727BFF0E3008DA56A /* LeeCode */,
			);
		};
/* End PBXProject section */

/* Begin PBXSourcesBuildPhase section */
		8E7F48D427BFF0E3008DA56A /* Sources */ = {
			isa = PBXSourcesBuildPhase;
			buildActionMask = 2147483647;
			files = (
				8E5B176A27DCB18300F39918 /* DailyTemperature.swift in Sources */,
				8E5B177127DE24CE00F39918 /* Subtree.swift in Sources */,
				8E7F48E427BFF10C008DA56A /* SingleNum.swift in Sources */,
				8E5B178127E5E34F00F39918 /* MaxSubArray.swift in Sources */,
				8E7F490727C51DE7008DA56A /* PalindromeNode.swift in Sources */,
				8E5B177A27E312B800F39918 /* LongestSubstring.swift in Sources */,
				8E7F48F127C0E896008DA56A /* SortColor.swift in Sources */,
				8E5B176E27DCE34800F39918 /* FlipedString.swift in Sources */,
				8E7F490127C3ED28008DA56A /* IntersectNode.swift in Sources */,
				8E7F48FE27C3E0CD008DA56A /* AddNum.swift in Sources */,
				8E5B176727DB95ED00F39918 /* MaximumBinaryTree.swift in Sources */,
				8E7F490427C5180F008DA56A /* SplitNode.swift in Sources */,
				8E7F48FB27C28D53008DA56A /* ListNode.swift in Sources */,
				8E7F48DC27BFF0E3008DA56A /* main.swift in Sources */,
				8E7F48E727BFF246008DA56A /* MoreNum.swift in Sources */,
				8E7F48ED27C01068008DA56A /* MergeArray.swift in Sources */,
				8E7F48F427C14726008DA56A /* PartialSort.swift in Sources */,
				8E5B177727DE36E700F39918 /* ReverseWords.swift in Sources */,
				8E5B177427DE29B900F39918 /* Anagram.swift in Sources */,
				8E5B176127D5025400F39918 /* MinStack.swift in Sources */,
				8E7F48EA27C00295008DA56A /* MatrixNum.swift in Sources */,
				8E5B176427D512D600F39918 /* MaxSlidingWindow.swift in Sources */,
				8E7F48F927C28B90008DA56A /* RemoveNode.swift in Sources */,
				8E5B177E27E398AB00F39918 /* CoinChange.swift in Sources */,
			);
			runOnlyForDeploymentPostprocessing = 0;
		};
/* End PBXSourcesBuildPhase section */

/* Begin XCBuildConfiguration section */
		8E7F48DD27BFF0E3008DA56A /* Debug */ = {
			isa = XCBuildConfiguration;
			buildSettings = {
				ALWAYS_SEARCH_USER_PATHS = NO;
				CLANG_ANALYZER_NONNULL = YES;
				CLANG_ANALYZER_NUMBER_OBJECT_CONVERSION = YES_AGGRESSIVE;
				CLANG_CXX_LANGUAGE_STANDARD = "gnu++17";
				CLANG_CXX_LIBRARY = "libc++";
				CLANG_ENABLE_MODULES = YES;
				CLANG_ENABLE_OBJC_ARC = YES;
				CLANG_ENABLE_OBJC_WEAK = YES;
				CLANG_WARN_BLOCK_CAPTURE_AUTORELEASING = YES;
				CLANG_WARN_BOOL_CONVERSION = YES;
				CLANG_WARN_COMMA = YES;
				CLANG_WARN_CONSTANT_CONVERSION = YES;
				CLANG_WARN_DEPRECATED_OBJC_IMPLEMENTATIONS = YES;
				CLANG_WARN_DIRECT_OBJC_ISA_USAGE = YES_ERROR;
				CLANG_WARN_DOCUMENTATION_COMMENTS = YES;
				CLANG_WARN_EMPTY_BODY = YES;
				CLANG_WARN_ENUM_CONVERSION = YES;
				CLANG_WARN_INFINITE_RECURSION = YES;
				CLANG_WARN_INT_CONVERSION = YES;
				CLANG_WARN_NON_LITERAL_NULL_CONVERSION = YES;
				CLANG_WARN_OBJC_IMPLICIT_RETAIN_SELF = YES;
				CLANG_WARN_OBJC_LITERAL_CONVERSION = YES;
				CLANG_WARN_OBJC_ROOT_CLASS = YES_ERROR;
				CLANG_WARN_QUOTED_INCLUDE_IN_FRAMEWORK_HEADER = YES;
				CLANG_WARN_RANGE_LOOP_ANALYSIS = YES;
				CLANG_WARN_STRICT_PROTOTYPES = YES;
				CLANG_WARN_SUSPICIOUS_MOVE = YES;
				CLANG_WARN_UNGUARDED_AVAILABILITY = YES_AGGRESSIVE;
				CLANG_WARN_UNREACHABLE_CODE = YES;
				CLANG_WARN__DUPLICATE_METHOD_MATCH = YES;
				COPY_PHASE_STRIP = NO;
				DEBUG_INFORMATION_FORMAT = dwarf;
				ENABLE_STRICT_OBJC_MSGSEND = YES;
				ENABLE_TESTABILITY = YES;
				GCC_C_LANGUAGE_STANDARD = gnu11;
				GCC_DYNAMIC_NO_PIC = NO;
				GCC_NO_COMMON_BLOCKS = YES;
				GCC_OPTIMIZATION_LEVEL = 0;
				GCC_PREPROCESSOR_DEFINITIONS = (
					"DEBUG=1",
					"$(inherited)",
				);
				GCC_WARN_64_TO_32_BIT_CONVERSION = YES;
				GCC_WARN_ABOUT_RETURN_TYPE = YES_ERROR;
				GCC_WARN_UNDECLARED_SELECTOR = YES;
				GCC_WARN_UNINITIALIZED_AUTOS = YES_AGGRESSIVE;
				GCC_WARN_UNUSED_FUNCTION = YES;
				GCC_WARN_UNUSED_VARIABLE = YES;
				MACOSX_DEPLOYMENT_TARGET = 11.6;
				MTL_ENABLE_DEBUG_INFO = INCLUDE_SOURCE;
				MTL_FAST_MATH = YES;
				ONLY_ACTIVE_ARCH = YES;
				SDKROOT = macosx;
				SWIFT_ACTIVE_COMPILATION_CONDITIONS = DEBUG;
				SWIFT_OPTIMIZATION_LEVEL = "-Onone";
			};
			name = Debug;
		};
		8E7F48DE27BFF0E3008DA56A /* Release */ = {
			isa = XCBuildConfiguration;
			buildSettings = {
				ALWAYS_SEARCH_USER_PATHS = NO;
				CLANG_ANALYZER_NONNULL = YES;
				CLANG_ANALYZER_NUMBER_OBJECT_CONVERSION = YES_AGGRESSIVE;
				CLANG_CXX_LANGUAGE_STANDARD = "gnu++17";
				CLANG_CXX_LIBRARY = "libc++";
				CLANG_ENABLE_MODULES = YES;
				CLANG_ENABLE_OBJC_ARC = YES;
				CLANG_ENABLE_OBJC_WEAK = YES;
				CLANG_WARN_BLOCK_CAPTURE_AUTORELEASING = YES;
				CLANG_WARN_BOOL_CONVERSION = YES;
				CLANG_WARN_COMMA = YES;
				CLANG_WARN_CONSTANT_CONVERSION = YES;
				CLANG_WARN_DEPRECATED_OBJC_IMPLEMENTATIONS = YES;
				CLANG_WARN_DIRECT_OBJC_ISA_USAGE = YES_ERROR;
				CLANG_WARN_DOCUMENTATION_COMMENTS = YES;
				CLANG_WARN_EMPTY_BODY = YES;
				CLANG_WARN_ENUM_CONVERSION = YES;
				CLANG_WARN_INFINITE_RECURSION = YES;
				CLANG_WARN_INT_CONVERSION = YES;
				CLANG_WARN_NON_LITERAL_NULL_CONVERSION = YES;
				CLANG_WARN_OBJC_IMPLICIT_RETAIN_SELF = YES;
				CLANG_WARN_OBJC_LITERAL_CONVERSION = YES;
				CLANG_WARN_OBJC_ROOT_CLASS = YES_ERROR;
				CLANG_WARN_QUOTED_INCLUDE_IN_FRAMEWORK_HEADER = YES;
				CLANG_WARN_RANGE_LOOP_ANALYSIS = YES;
				CLANG_WARN_STRICT_PROTOTYPES = YES;
				CLANG_WARN_SUSPICIOUS_MOVE = YES;
				CLANG_WARN_UNGUARDED_AVAILABILITY = YES_AGGRESSIVE;
				CLANG_WARN_UNREACHABLE_CODE = YES;
				CLANG_WARN__DUPLICATE_METHOD_MATCH = YES;
				COPY_PHASE_STRIP = NO;
				DEBUG_INFORMATION_FORMAT = "dwarf-with-dsym";
				ENABLE_NS_ASSERTIONS = NO;
				ENABLE_STRICT_OBJC_MSGSEND = YES;
				GCC_C_LANGUAGE_STANDARD = gnu11;
				GCC_NO_COMMON_BLOCKS = YES;
				GCC_WARN_64_TO_32_BIT_CONVERSION = YES;
				GCC_WARN_ABOUT_RETURN_TYPE = YES_ERROR;
				GCC_WARN_UNDECLARED_SELECTOR = YES;
				GCC_WARN_UNINITIALIZED_AUTOS = YES_AGGRESSIVE;
				GCC_WARN_UNUSED_FUNCTION = YES;
				GCC_WARN_UNUSED_VARIABLE = YES;
				MACOSX_DEPLOYMENT_TARGET = 11.6;
				MTL_ENABLE_DEBUG_INFO = NO;
				MTL_FAST_MATH = YES;
				SDKROOT = macosx;
				SWIFT_COMPILATION_MODE = wholemodule;
				SWIFT_OPTIMIZATION_LEVEL = "-O";
			};
			name = Release;
		};
		8E7F48E027BFF0E3008DA56A /* Debug */ = {
			isa = XCBuildConfiguration;
			buildSettings = {
				CODE_SIGN_STYLE = Automatic;
				PRODUCT_NAME = "$(TARGET_NAME)";
				SWIFT_VERSION = 5.0;
			};
			name = Debug;
		};
		8E7F48E127BFF0E3008DA56A /* Release */ = {
			isa = XCBuildConfiguration;
			buildSettings = {
				CODE_SIGN_STYLE = Automatic;
				PRODUCT_NAME = "$(TARGET_NAME)";
				SWIFT_VERSION = 5.0;
			};
			name = Release;
		};
/* End XCBuildConfiguration section */

/* Begin XCConfigurationList section */
		8E7F48D327BFF0E3008DA56A /* Build configuration list for PBXProject "LeeCode" */ = {
			isa = XCConfigurationList;
			buildConfigurations = (
				8E7F48DD27BFF0E3008DA56A /* Debug */,
				8E7F48DE27BFF0E3008DA56A /* Release */,
			);
			defaultConfigurationIsVisible = 0;
			defaultConfigurationName = Release;
		};
		8E7F48DF27BFF0E3008DA56A /* Build configuration list for PBXNativeTarget "LeeCode" */ = {
			isa = XCConfigurationList;
			buildConfigurations = (
				8E7F48E027BFF0E3008DA56A /* Debug */,
				8E7F48E127BFF0E3008DA56A /* Release */,
			);
			defaultConfigurationIsVisible = 0;
			defaultConfigurationName = Release;
		};
/* End XCConfigurationList section */
	};
	rootObject = 8E7F48D027BFF0E3008DA56A /* Project object */;
}
